
Microsoft Visual Studio Solution File, Format Version 12.00
# Visual Studio Version 16
VisualStudioVersion = 16.0.31424.327
MinimumVisualStudioVersion = 10.0.40219.1
Project("{FAE04EC0-301F-11D3-BF4B-00C04F79EFBC}") = "EquipmentToolbox", "EquipmentToolbox.csproj", "{024EE842-F3F5-4589-B4A9-74F0548AF757}"
EndProject
Global
	GlobalSection(SolutionConfigurationPlatforms) = preSolution
		Debug|Any CPU = Debug|Any CPU
		Release|Any CPU = Release|Any CPU
	EndGlobalSection
	GlobalSection(ProjectConfigurationPlatforms) = postSolution
		{024EE842-F3F5-4589-B4A9-74F0548AF757}.Debug|Any CPU.ActiveCfg = Debug|Any CPU
		{024EE842-F3F5-4589-B4A9-74F0548AF757}.Debug|Any CPU.Build.0 = Debug|Any CPU
		{024EE842-F3F5-4589-B4A9-74F0548AF757}.Release|Any CPU.ActiveCfg = Release|Any CPU
		{024EE842-F3F5-4589-B4A9-74F0548AF757}.Release|Any CPU.Build.0 = Release|Any CPU
	EndGlobalSection
	GlobalSection(SolutionProperties) = preSolution
		HideSolutionNode = FALSE
	EndGlobalSection
	GlobalSection(ExtensibilityGlobals) = postSolution
		SolutionGuid = {A0797F8F-38F1-4A93-93BE-4BF91A9C0F70}
	EndGlobalSection
EndGlobal
